
Microsoft Visual Studio Solution File, Format Version 11.00
# Visual Studio 2010
Project("{FAE04EC0-301F-11D3-BF4B-00C04F79EFBC}") = "KittenViewerTouch", "KittenViewerTouch\KittenViewerTouch.csproj", "{78E28294-DF2A-480D-9181-C3688EB80214}"
EndProject
Global
	GlobalSection(SolutionConfigurationPlatforms) = preSolution
		Debug|iPhoneSimulator = Debug|iPhoneSimulator
		Release|iPhoneSimulator = Release|iPhoneSimulator
		Debug|iPhone = Debug|iPhone
		Release|iPhone = Release|iPhone
		Ad-Hoc|iPhone = Ad-Hoc|iPhone
		AppStore|iPhone = AppStore|iPhone
	EndGlobalSection
	GlobalSection(ProjectConfigurationPlatforms) = postSolution
		{78E28294-DF2A-480D-9181-C3688EB80214}.Ad-Hoc|iPhone.ActiveCfg = Ad-Hoc|iPhone
		{78E28294-DF2A-480D-9181-C3688EB80214}.Ad-Hoc|iPhone.Build.0 = Ad-Hoc|iPhone
		{78E28294-DF2A-480D-9181-C3688EB80214}.AppStore|iPhone.ActiveCfg = AppStore|iPhone
		{78E28294-DF2A-480D-9181-C3688EB80214}.AppStore|iPhone.Build.0 = AppStore|iPhone
		{78E28294-DF2A-480D-9181-C3688EB80214}.Debug|iPhone.ActiveCfg = Debug|iPhone
		{78E28294-DF2A-480D-9181-C3688EB80214}.Debug|iPhone.Build.0 = Debug|iPhone
		{78E28294-DF2A-480D-9181-C3688EB80214}.Debug|iPhoneSimulator.ActiveCfg = Debug|iPhoneSimulator
		{78E28294-DF2A-480D-9181-C3688EB80214}.Debug|iPhoneSimulator.Build.0 = Debug|iPhoneSimulator
		{78E28294-DF2A-480D-9181-C3688EB80214}.Release|iPhone.ActiveCfg = Release|iPhone
		{78E28294-DF2A-480D-9181-C3688EB80214}.Release|iPhone.Build.0 = Release|iPhone
		{78E28294-DF2A-480D-9181-C3688EB80214}.Release|iPhoneSimulator.ActiveCfg = Release|iPhoneSimulator
		{78E28294-DF2A-480D-9181-C3688EB80214}.Release|iPhoneSimulator.Build.0 = Release|iPhoneSimulator
	EndGlobalSection
	GlobalSection(MonoDevelopProperties) = preSolution
		StartupItem = KittenViewerTouch\KittenViewerTouch.csproj
	EndGlobalSection
EndGlobal
